
Microsoft Visual Studio Solution File, Format Version 12.00
# Visual Studio Version 16
VisualStudioVersion = 16.0.29728.190
MinimumVisualStudioVersion = 10.0.40219.1
Project("{9A19103F-16F7-4668-BE54-9A1E7A4F7556}") = "NotSimpleGame.BL.Abstraction", "NotSimpleGame.BL.Abstraction\NotSimpleGame.BL.Abstraction.csproj", "{CEE10E24-36F6-41DA-8140-A5B872468A7E}"
EndProject
Project("{9A19103F-16F7-4668-BE54-9A1E7A4F7556}") = "NotSimpleGame.BL.Implementation", "NotSimpleGame.BL.Implementation\NotSimpleGame.BL.Implementation.csproj", "{8469A880-938F-4099-8616-965906A54E34}"
EndProject
Project("{9A19103F-16F7-4668-BE54-9A1E7A4F7556}") = "NotSimpleGame.DL.Abstraction", "NotSimpleGame.DL.Abstraction\NotSimpleGame.DL.Abstraction.csproj", "{1EFCE2B2-0D6E-4087-9E29-AAEFCEA2196C}"
EndProject
Project("{9A19103F-16F7-4668-BE54-9A1E7A4F7556}") = "NotSimpleGame.DL.Implementation", "NotSimpleGame.DL.Implementation\NotSimpleGame.DL.Implementation.csproj", "{2334EA25-F846-4C13-9F35-367C14A6C2B0}"
EndProject
Project("{9A19103F-16F7-4668-BE54-9A1E7A4F7556}") = "NotSimpleGame.Entities", "NotSimpleGame.Entities\NotSimpleGame.Entities.csproj", "{521A2578-FAB8-43E3-9227-0C3C0C94A709}"
EndProject
Project("{9A19103F-16F7-4668-BE54-9A1E7A4F7556}") = "NotSimpleGame.Utils", "NotSimpleGame.Utils\NotSimpleGame.Utils.csproj", "{63B2DECA-835F-4467-8333-BC869BF2C34E}"
EndProject
Project("{9A19103F-16F7-4668-BE54-9A1E7A4F7556}") = "NotSimpleGame.UI", "NotSimpleGame.UI\NotSimpleGame.UI.csproj", "{0EACDE43-B633-462F-BC1B-92E940214E61}"
EndProject
Project("{FAE04EC0-301F-11D3-BF4B-00C04F79EFBC}") = "NotSimpleGame.Models", "NotSimpleGame.Models\NotSimpleGame.Models.csproj", "{816FC7EB-938F-4138-9EBD-14A527C3641E}"
EndProject
Global
	GlobalSection(SolutionConfigurationPlatforms) = preSolution
		Debug|Any CPU = Debug|Any CPU
		Release|Any CPU = Release|Any CPU
	EndGlobalSection
	GlobalSection(ProjectConfigurationPlatforms) = postSolution
		{CEE10E24-36F6-41DA-8140-A5B872468A7E}.Debug|Any CPU.ActiveCfg = Debug|Any CPU
		{CEE10E24-36F6-41DA-8140-A5B872468A7E}.Debug|Any CPU.Build.0 = Debug|Any CPU
		{CEE10E24-36F6-41DA-8140-A5B872468A7E}.Release|Any CPU.ActiveCfg = Release|Any CPU
		{CEE10E24-36F6-41DA-8140-A5B872468A7E}.Release|Any CPU.Build.0 = Release|Any CPU
		{8469A880-938F-4099-8616-965906A54E34}.Debug|Any CPU.ActiveCfg = Debug|Any CPU
		{8469A880-938F-4099-8616-965906A54E34}.Debug|Any CPU.Build.0 = Debug|Any CPU
		{8469A880-938F-4099-8616-965906A54E34}.Release|Any CPU.ActiveCfg = Release|Any CPU
		{8469A880-938F-4099-8616-965906A54E34}.Release|Any CPU.Build.0 = Release|Any CPU
		{1EFCE2B2-0D6E-4087-9E29-AAEFCEA2196C}.Debug|Any CPU.ActiveCfg = Debug|Any CPU
		{1EFCE2B2-0D6E-4087-9E29-AAEFCEA2196C}.Debug|Any CPU.Build.0 = Debug|Any CPU
		{1EFCE2B2-0D6E-4087-9E29-AAEFCEA2196C}.Release|Any CPU.ActiveCfg = Release|Any CPU
		{1EFCE2B2-0D6E-4087-9E29-AAEFCEA2196C}.Release|Any CPU.Build.0 = Release|Any CPU
		{2334EA25-F846-4C13-9F35-367C14A6C2B0}.Debug|Any CPU.ActiveCfg = Debug|Any CPU
		{2334EA25-F846-4C13-9F35-367C14A6C2B0}.Debug|Any CPU.Build.0 = Debug|Any CPU
		{2334EA25-F846-4C13-9F35-367C14A6C2B0}.Release|Any CPU.ActiveCfg = Release|Any CPU
		{2334EA25-F846-4C13-9F35-367C14A6C2B0}.Release|Any CPU.Build.0 = Release|Any CPU
		{521A2578-FAB8-43E3-9227-0C3C0C94A709}.Debug|Any CPU.ActiveCfg = Debug|Any CPU
		{521A2578-FAB8-43E3-9227-0C3C0C94A709}.Debug|Any CPU.Build.0 = Debug|Any CPU
		{521A2578-FAB8-43E3-9227-0C3C0C94A709}.Release|Any CPU.ActiveCfg = Release|Any CPU
		{521A2578-FAB8-43E3-9227-0C3C0C94A709}.Release|Any CPU.Build.0 = Release|Any CPU
		{63B2DECA-835F-4467-8333-BC869BF2C34E}.Debug|Any CPU.ActiveCfg = Debug|Any CPU
		{63B2DECA-835F-4467-8333-BC869BF2C34E}.Debug|Any CPU.Build.0 = Debug|Any CPU
		{63B2DECA-835F-4467-8333-BC869BF2C34E}.Release|Any CPU.ActiveCfg = Release|Any CPU
		{63B2DECA-835F-4467-8333-BC869BF2C34E}.Release|Any CPU.Build.0 = Release|Any CPU
		{0EACDE43-B633-462F-BC1B-92E940214E61}.Debug|Any CPU.ActiveCfg = Debug|Any CPU
		{0EACDE43-B633-462F-BC1B-92E940214E61}.Debug|Any CPU.Build.0 = Debug|Any CPU
		{0EACDE43-B633-462F-BC1B-92E940214E61}.Release|Any CPU.ActiveCfg = Release|Any CPU
		{0EACDE43-B633-462F-BC1B-92E940214E61}.Release|Any CPU.Build.0 = Release|Any CPU
		{816FC7EB-938F-4138-9EBD-14A527C3641E}.Debug|Any CPU.ActiveCfg = Debug|Any CPU
		{816FC7EB-938F-4138-9EBD-14A527C3641E}.Debug|Any CPU.Build.0 = Debug|Any CPU
		{816FC7EB-938F-4138-9EBD-14A527C3641E}.Release|Any CPU.ActiveCfg = Release|Any CPU
		{816FC7EB-938F-4138-9EBD-14A527C3641E}.Release|Any CPU.Build.0 = Release|Any CPU
	EndGlobalSection
	GlobalSection(SolutionProperties) = preSolution
		HideSolutionNode = FALSE
	EndGlobalSection
	GlobalSection(ExtensibilityGlobals) = postSolution
		SolutionGuid = {05C2F165-3F8D-4539-A8AF-8E04C5F3BFDE}
	EndGlobalSection
EndGlobal
